{
  "version": 4,
  "terraform_version": "1.15.8",
  "serial": 3,
  "lineage": "303cf3e3-fc9f-0bf4-50a7-eb210fa50f72",
  "outputs": {
    "vm_external_ip": {
      "value": "34.81.43.89",
      "type": "string"
    }
  },
  "resources": [
    {
      "mode": "managed",
      "type": "google_compute_instance",
      "name": "income-api",
      "provider": "provider[\"registry.terraform.io/hashicorp/google\"]",
      "instances": [
        {
          "schema_version": 6,
          "attributes": {
            "advanced_machine_features": [],
            "allow_stopping_for_update": null,
            "attached_disk": [],
            "boot_disk": [
              {
                "auto_delete": true,
                "device_name": "persistent-disk-0",
                "disk_encryption_key_raw": "",
                "disk_encryption_key_sha256": "",
                "initialize_params": [
                  {
                    "enable_confidential_compute": false,
                    "image": "https://www.googleapis.com/compute/v1/projects/ubuntu-os-cloud/global/images/ubuntu-2204-jammy-v20260820",
                    "labels": {},
                    "provisioned_iops": 0,
                    "provisioned_throughput": 0,
                    "resource_manager_tags": null,
                    "size": 10,
                    "storage_pool": "",
                    "type": "pd-standard"
                  }
                ],
                "kms_key_self_link": "",
                "mode": "READ_WRITE",
                "source": "https://www.googleapis.com/compute/v1/projects/track2-day21-2a202601434/zones/asia-east1-a/disks/income-api"
              }
            ],
            "can_ip_forward": false,
            "confidential_instance_config": [],
            "cpu_platform": "Intel Broadwell",
            "current_status": "RUNNING",
            "deletion_protection": false,
            "description": "",
            "desired_status": null,
            "effective_labels": {},
            "enable_display": false,
            "guest_accelerator": [],
            "hostname": "",
            "id": "projects/track2-day21-2a202601434/zones/asia-east1-a/instances/income-api",
            "instance_id": "7408678924875827857",
            "label_fingerprint": "42WmSpB8rSM=",
            "labels": null,
            "machine_type": "e2-micro",
            "metadata": {
              "ssh-keys": "root:ssh-rsa AAAAB3NzaC1yc2EAAAADAQABAAABgQDPL105HLZT2fbzDTig+c3f5QkbCiVtrMLfIYpo3L1vR2ZEZDrm7ewwFeXZeTksbNHQQTUtvHf1Otur/ahh65GAOOIxialPNS4Mq1N2rWElPF9/wECSbQRlEdzybZN1Mlx/3SIWhR8yvcqDM+YQuwaUczKkqErkBc4ARulZxoNwFl9iyw0EeAd3qUvU3kXaQ2wTDFLIgNyY4iCH+19C2H5da9Xpkle54kM98WQdgEpgsBIA3Qjryq6SGutqerZYfqWwJYrancSPsgyvt0wCo3vnd6+WCfS00GZGot3k/R8RdNhGSc2KwGM+uA1ik1Lrjx0bqAJnzTBZQcfDXojVkmnTE6WxlZ6ZFhahJKQM8YwL1Pbo7z/vK2FQMerkkiRaEswZ6h8iw/2eyG6NEoExpLcz5Jxold99A/9Sb1stjU0PD+4UtFwdQ3fAZMXaiYUaLEgs5/C15ziTMpiH2LzYpIXO4lwvICyplAKVVZ78D89HzarfIjE+Ay92si1sW5PuOUM= root@DESKTOP-Q3VQC4Q\n"
            },
            "metadata_fingerprint": "YjH2FBXhR4c=",
            "metadata_startup_script": "#!/bin/bash\napt-get update -y\napt-get install -y python3-pip\npip3 install fastapi uvicorn scikit-learn joblib google-cloud-storage\nmkdir -p ~/models ~/src\n",
            "min_cpu_platform": "",
            "name": "income-api",
            "network_interface": [
              {
                "access_config": [
                  {
                    "nat_ip": "34.81.43.89",
                    "network_tier": "PREMIUM",
                    "public_ptr_domain_name": ""
                  }
                ],
                "alias_ip_range": [],
                "internal_ipv6_prefix_length": 0,
                "ipv6_access_config": [],
                "ipv6_access_type": "",
                "ipv6_address": "",
                "name": "nic0",
                "network": "https://www.googleapis.com/compute/v1/projects/track2-day21-2a202601434/global/networks/default",
                "network_ip": "10.140.0.2",
                "nic_type": "",
                "queue_count": 0,
                "stack_type": "IPV4_ONLY",
                "subnetwork": "https://www.googleapis.com/compute/v1/projects/track2-day21-2a202601434/regions/asia-east1/subnetworks/default",
                "subnetwork_project": "track2-day21-2a202601434"
              }
            ],
            "network_performance_config": [],
            "params": [],
            "project": "track2-day21-2a202601434",
            "reservation_affinity": [],
            "resource_policies": null,
            "scheduling": [
              {
                "automatic_restart": true,
                "instance_termination_action": "",
                "local_ssd_recovery_timeout": [],
                "max_run_duration": [],
                "min_node_cpus": 0,
                "node_affinities": [],
                "on_host_maintenance": "MIGRATE",
                "on_instance_stop_action": [],
                "preemptible": false,
                "provisioning_model": "STANDARD"
              }
            ],
            "scratch_disk": [],
            "self_link": "https://www.googleapis.com/compute/v1/projects/track2-day21-2a202601434/zones/asia-east1-a/instances/income-api",
            "service_account": [],
            "shielded_instance_config": [
              {
                "enable_integrity_monitoring": true,
                "enable_secure_boot": false,
                "enable_vtpm": true
              }
            ],
            "tags": [
              "income-api"
            ],
            "tags_fingerprint": "1jJiHxodQbY=",
            "terraform_labels": {},
            "timeouts": null,
            "zone": "asia-east1-a"
          },
          "sensitive_attributes": [
            [
              {
                "type": "get_attr",
                "value": "boot_disk"
              },
              {
                "type": "index",
                "value": {
                  "value": 0,
                  "type": "number"
                }
              },
              {
                "type": "get_attr",
                "value": "disk_encryption_key_raw"
              }
            ]
          ],
          "identity_schema_version": 0,
          "private": "eyJlMmJmYjczMC1lY2FhLTExZTYtOGY4OC0zNDM2M2JjN2M0YzAiOnsiY3JlYXRlIjoxMjAwMDAwMDAwMDAwLCJkZWxldGUiOjEyMDAwMDAwMDAwMDAsInVwZGF0ZSI6MTIwMDAwMDAwMDAwMH0sInNjaGVtYV92ZXJzaW9uIjoiNiJ9"
        }
      ]
    }
  ],
  "check_results": null
}
